
Microsoft Visual Studio Solution File, Format Version 12.00
# Visual Studio Version 17
VisualStudioVersion = 17.13.35931.197 d17.13
MinimumVisualStudioVersion = 10.0.40219.1
Project("{FAE04EC0-301F-11D3-BF4B-00C04F79EFBC}") = "Aniworld.to", "Aniworld.to.csproj", "{209C6461-7F70-4554-9582-7B22D04E2BCF}"
EndProject
Global
	GlobalSection(SolutionConfigurationPlatforms) = preSolution
		Debug|Any CPU = Debug|Any CPU
		Release|Any CPU = Release|Any CPU
	EndGlobalSection
	GlobalSection(ProjectConfigurationPlatforms) = postSolution
		{209C6461-7F70-4554-9582-7B22D04E2BCF}.Debug|Any CPU.ActiveCfg = Debug|Any CPU
		{209C6461-7F70-4554-9582-7B22D04E2BCF}.Debug|Any CPU.Build.0 = Debug|Any CPU
		{209C6461-7F70-4554-9582-7B22D04E2BCF}.Release|Any CPU.ActiveCfg = Release|Any CPU
		{209C6461-7F70-4554-9582-7B22D04E2BCF}.Release|Any CPU.Build.0 = Release|Any CPU
	EndGlobalSection
	GlobalSection(SolutionProperties) = preSolution
		HideSolutionNode = FALSE
	EndGlobalSection
	GlobalSection(ExtensibilityGlobals) = postSolution
		SolutionGuid = {6D6D5335-F2C9-482B-80A4-6EBABB5409EC}
	EndGlobalSection
EndGlobal
